
Microsoft Visual Studio Solution File, Format Version 12.00
# Visual Studio Version 17
VisualStudioVersion = 17.12.35527.113 d17.12
MinimumVisualStudioVersion = 10.0.40219.1
Project("{FAE04EC0-301F-11D3-BF4B-00C04F79EFBC}") = "ChattingWithFriends", "ChattingWithFriends\ChattingWithFriends.csproj", "{F4E03371-E01E-4436-8AAC-5A72EA1C9A3D}"
EndProject
Project("{FAE04EC0-301F-11D3-BF4B-00C04F79EFBC}") = "DataModels", "DataModels\DataModels.csproj", "{2A4165E8-01BF-4293-8014-9654EEF24CFF}"
EndProject
Project("{FAE04EC0-301F-11D3-BF4B-00C04F79EFBC}") = "DataBase", "DataBase\DataBase.csproj", "{1D66BE78-6FC8-446F-B860-C672E84D6265}"
EndProject
Project("{FAE04EC0-301F-11D3-BF4B-00C04F79EFBC}") = "ChattingWithFriends_Client", "ChattingWithFriends_Client\ChattingWithFriends_Client.csproj", "{471ABF39-3EC5-4408-B65D-5E2C2CCE9BAC}"
EndProject
Project("{FAE04EC0-301F-11D3-BF4B-00C04F79EFBC}") = "ClientDataModels", "ClientDataModels\ClientDataModels.csproj", "{B1C52EEA-0AF1-42F6-A1D5-D3112E24F859}"
EndProject
Project("{FAE04EC0-301F-11D3-BF4B-00C04F79EFBC}") = "ClientDataBase", "ClientDataBase\ClientDataBase.csproj", "{9552C5B9-4A8B-4E1D-B39E-967696E175BF}"
EndProject
Global
	GlobalSection(SolutionConfigurationPlatforms) = preSolution
		Debug|Any CPU = Debug|Any CPU
		Release|Any CPU = Release|Any CPU
	EndGlobalSection
	GlobalSection(ProjectConfigurationPlatforms) = postSolution
		{F4E03371-E01E-4436-8AAC-5A72EA1C9A3D}.Debug|Any CPU.ActiveCfg = Debug|Any CPU
		{F4E03371-E01E-4436-8AAC-5A72EA1C9A3D}.Debug|Any CPU.Build.0 = Debug|Any CPU
		{F4E03371-E01E-4436-8AAC-5A72EA1C9A3D}.Release|Any CPU.ActiveCfg = Release|Any CPU
		{F4E03371-E01E-4436-8AAC-5A72EA1C9A3D}.Release|Any CPU.Build.0 = Release|Any CPU
		{2A4165E8-01BF-4293-8014-9654EEF24CFF}.Debug|Any CPU.ActiveCfg = Debug|Any CPU
		{2A4165E8-01BF-4293-8014-9654EEF24CFF}.Debug|Any CPU.Build.0 = Debug|Any CPU
		{2A4165E8-01BF-4293-8014-9654EEF24CFF}.Release|Any CPU.ActiveCfg = Release|Any CPU
		{2A4165E8-01BF-4293-8014-9654EEF24CFF}.Release|Any CPU.Build.0 = Release|Any CPU
		{1D66BE78-6FC8-446F-B860-C672E84D6265}.Debug|Any CPU.ActiveCfg = Debug|Any CPU
		{1D66BE78-6FC8-446F-B860-C672E84D6265}.Debug|Any CPU.Build.0 = Debug|Any CPU
		{1D66BE78-6FC8-446F-B860-C672E84D6265}.Release|Any CPU.ActiveCfg = Release|Any CPU
		{1D66BE78-6FC8-446F-B860-C672E84D6265}.Release|Any CPU.Build.0 = Release|Any CPU
		{471ABF39-3EC5-4408-B65D-5E2C2CCE9BAC}.Debug|Any CPU.ActiveCfg = Debug|Any CPU
		{471ABF39-3EC5-4408-B65D-5E2C2CCE9BAC}.Debug|Any CPU.Build.0 = Debug|Any CPU
		{471ABF39-3EC5-4408-B65D-5E2C2CCE9BAC}.Release|Any CPU.ActiveCfg = Release|Any CPU
		{471ABF39-3EC5-4408-B65D-5E2C2CCE9BAC}.Release|Any CPU.Build.0 = Release|Any CPU
		{B1C52EEA-0AF1-42F6-A1D5-D3112E24F859}.Debug|Any CPU.ActiveCfg = Debug|Any CPU
		{B1C52EEA-0AF1-42F6-A1D5-D3112E24F859}.Debug|Any CPU.Build.0 = Debug|Any CPU
		{B1C52EEA-0AF1-42F6-A1D5-D3112E24F859}.Release|Any CPU.ActiveCfg = Release|Any CPU
		{B1C52EEA-0AF1-42F6-A1D5-D3112E24F859}.Release|Any CPU.Build.0 = Release|Any CPU
		{9552C5B9-4A8B-4E1D-B39E-967696E175BF}.Debug|Any CPU.ActiveCfg = Debug|Any CPU
		{9552C5B9-4A8B-4E1D-B39E-967696E175BF}.Debug|Any CPU.Build.0 = Debug|Any CPU
		{9552C5B9-4A8B-4E1D-B39E-967696E175BF}.Release|Any CPU.ActiveCfg = Release|Any CPU
		{9552C5B9-4A8B-4E1D-B39E-967696E175BF}.Release|Any CPU.Build.0 = Release|Any CPU
	EndGlobalSection
	GlobalSection(SolutionProperties) = preSolution
		HideSolutionNode = FALSE
	EndGlobalSection
EndGlobal
